
Microsoft Visual Studio Solution File, Format Version 12.00
# Visual Studio Version 16
VisualStudioVersion = 16.0.29509.3
MinimumVisualStudioVersion = 10.0.40219.1
Project("{FAE04EC0-301F-11D3-BF4B-00C04F79EFBC}") = "Lab1_ED2", "Lab1_ED2\Lab1_ED2.csproj", "{7B7FDDA9-2E4C-4AC1-A727-6AA6B00EC81B}"
EndProject
Global
	GlobalSection(SolutionConfigurationPlatforms) = preSolution
		Debug|Any CPU = Debug|Any CPU
		Release|Any CPU = Release|Any CPU
	EndGlobalSection
	GlobalSection(ProjectConfigurationPlatforms) = postSolution
		{7B7FDDA9-2E4C-4AC1-A727-6AA6B00EC81B}.Debug|Any CPU.ActiveCfg = Debug|Any CPU
		{7B7FDDA9-2E4C-4AC1-A727-6AA6B00EC81B}.Debug|Any CPU.Build.0 = Debug|Any CPU
		{7B7FDDA9-2E4C-4AC1-A727-6AA6B00EC81B}.Release|Any CPU.ActiveCfg = Release|Any CPU
		{7B7FDDA9-2E4C-4AC1-A727-6AA6B00EC81B}.Release|Any CPU.Build.0 = Release|Any CPU
	EndGlobalSection
	GlobalSection(SolutionProperties) = preSolution
		HideSolutionNode = FALSE
	EndGlobalSection
	GlobalSection(ExtensibilityGlobals) = postSolution
		SolutionGuid = {382F5C7D-7583-4855-9739-04ED36C23A3C}
	EndGlobalSection
EndGlobal
